
Microsoft Visual Studio Solution File, Format Version 12.00
# Visual Studio 15
VisualStudioVersion = 15.0.27703.2047
MinimumVisualStudioVersion = 10.0.40219.1
Project("{FAE04EC0-301F-11D3-BF4B-00C04F79EFBC}") = "OopHomeTask", "OopUnitTests\OopHomeTask.csproj", "{3F38E30E-4B47-47A0-B0C4-6BEDAB0736DE}"
EndProject
Project("{FAE04EC0-301F-11D3-BF4B-00C04F79EFBC}") = "OopUnitTesting", "OopUnitTesting\OopUnitTesting.csproj", "{1CF62E37-343B-4EEC-ADA1-746126B1A8C5}"
EndProject
Global
	GlobalSection(SolutionConfigurationPlatforms) = preSolution
		Debug|Any CPU = Debug|Any CPU
		Release|Any CPU = Release|Any CPU
	EndGlobalSection
	GlobalSection(ProjectConfigurationPlatforms) = postSolution
		{3F38E30E-4B47-47A0-B0C4-6BEDAB0736DE}.Debug|Any CPU.ActiveCfg = Debug|Any CPU
		{3F38E30E-4B47-47A0-B0C4-6BEDAB0736DE}.Debug|Any CPU.Build.0 = Debug|Any CPU
		{3F38E30E-4B47-47A0-B0C4-6BEDAB0736DE}.Release|Any CPU.ActiveCfg = Release|Any CPU
		{3F38E30E-4B47-47A0-B0C4-6BEDAB0736DE}.Release|Any CPU.Build.0 = Release|Any CPU
		{1CF62E37-343B-4EEC-ADA1-746126B1A8C5}.Debug|Any CPU.ActiveCfg = Debug|Any CPU
		{1CF62E37-343B-4EEC-ADA1-746126B1A8C5}.Debug|Any CPU.Build.0 = Debug|Any CPU
		{1CF62E37-343B-4EEC-ADA1-746126B1A8C5}.Release|Any CPU.ActiveCfg = Release|Any CPU
		{1CF62E37-343B-4EEC-ADA1-746126B1A8C5}.Release|Any CPU.Build.0 = Release|Any CPU
	EndGlobalSection
	GlobalSection(SolutionProperties) = preSolution
		HideSolutionNode = FALSE
	EndGlobalSection
	GlobalSection(ExtensibilityGlobals) = postSolution
		SolutionGuid = {22FEE124-AEBA-467B-988C-242A770002DE}
	EndGlobalSection
EndGlobal
